
Microsoft Visual Studio Solution File, Format Version 12.00
# Visual Studio Version 16
VisualStudioVersion = 16.0.28803.452
MinimumVisualStudioVersion = 10.0.40219.1
Project("{FAE04EC0-301F-11D3-BF4B-00C04F79EFBC}") = "RIPHeros", "RIPHeros.csproj", "{A3A87893-52B3-43F4-B4FC-F46B13C4841D}"
EndProject
Global
	GlobalSection(SolutionConfigurationPlatforms) = preSolution
		Debug|Any CPU = Debug|Any CPU
		Release|Any CPU = Release|Any CPU
	EndGlobalSection
	GlobalSection(ProjectConfigurationPlatforms) = postSolution
		{A3A87893-52B3-43F4-B4FC-F46B13C4841D}.Debug|Any CPU.ActiveCfg = Debug|Any CPU
		{A3A87893-52B3-43F4-B4FC-F46B13C4841D}.Debug|Any CPU.Build.0 = Debug|Any CPU
		{A3A87893-52B3-43F4-B4FC-F46B13C4841D}.Release|Any CPU.ActiveCfg = Release|Any CPU
		{A3A87893-52B3-43F4-B4FC-F46B13C4841D}.Release|Any CPU.Build.0 = Release|Any CPU
	EndGlobalSection
	GlobalSection(SolutionProperties) = preSolution
		HideSolutionNode = FALSE
	EndGlobalSection
	GlobalSection(ExtensibilityGlobals) = postSolution
		SolutionGuid = {1C93B39F-4B9D-46CB-8177-72F8B6670686}
	EndGlobalSection
EndGlobal
